
Microsoft Visual Studio Solution File, Format Version 12.00
# Visual Studio Version 17
VisualStudioVersion = 17.1.32328.378
MinimumVisualStudioVersion = 10.0.40219.1
Project("{FAE04EC0-301F-11D3-BF4B-00C04F79EFBC}") = "FirstApp", "FirstApp\FirstApp.csproj", "{5F23F87B-2F22-4A27-9F8F-F3B104C61BF3}"
EndProject
Global
	GlobalSection(SolutionConfigurationPlatforms) = preSolution
		Debug|Any CPU = Debug|Any CPU
		Release|Any CPU = Release|Any CPU
	EndGlobalSection
	GlobalSection(ProjectConfigurationPlatforms) = postSolution
		{5F23F87B-2F22-4A27-9F8F-F3B104C61BF3}.Debug|Any CPU.ActiveCfg = Debug|Any CPU
		{5F23F87B-2F22-4A27-9F8F-F3B104C61BF3}.Debug|Any CPU.Build.0 = Debug|Any CPU
		{5F23F87B-2F22-4A27-9F8F-F3B104C61BF3}.Release|Any CPU.ActiveCfg = Release|Any CPU
		{5F23F87B-2F22-4A27-9F8F-F3B104C61BF3}.Release|Any CPU.Build.0 = Release|Any CPU
	EndGlobalSection
	GlobalSection(SolutionProperties) = preSolution
		HideSolutionNode = FALSE
	EndGlobalSection
	GlobalSection(ExtensibilityGlobals) = postSolution
		SolutionGuid = {A17621B7-EEB4-4A59-A9E2-983A02D11719}
	EndGlobalSection
EndGlobal
